
Microsoft Visual Studio Solution File, Format Version 12.00
# Visual Studio Version 17
VisualStudioVersion = 17.10.35013.160
MinimumVisualStudioVersion = 10.0.40219.1
Project("{9A19103F-16F7-4668-BE54-9A1E7A4F7556}") = "class01", "class01\class01.csproj", "{A5FF6CAB-A44D-4A45-A05C-8DF1C823E2BC}"
EndProject
Global
	GlobalSection(SolutionConfigurationPlatforms) = preSolution
		Debug|Any CPU = Debug|Any CPU
		Release|Any CPU = Release|Any CPU
	EndGlobalSection
	GlobalSection(ProjectConfigurationPlatforms) = postSolution
		{A5FF6CAB-A44D-4A45-A05C-8DF1C823E2BC}.Debug|Any CPU.ActiveCfg = Debug|Any CPU
		{A5FF6CAB-A44D-4A45-A05C-8DF1C823E2BC}.Debug|Any CPU.Build.0 = Debug|Any CPU
		{A5FF6CAB-A44D-4A45-A05C-8DF1C823E2BC}.Release|Any CPU.ActiveCfg = Release|Any CPU
		{A5FF6CAB-A44D-4A45-A05C-8DF1C823E2BC}.Release|Any CPU.Build.0 = Release|Any CPU
	EndGlobalSection
	GlobalSection(SolutionProperties) = preSolution
		HideSolutionNode = FALSE
	EndGlobalSection
	GlobalSection(ExtensibilityGlobals) = postSolution
		SolutionGuid = {BCCC1E12-67E2-43BA-AD74-5735201782A9}
	EndGlobalSection
EndGlobal
